
Microsoft Visual Studio Solution File, Format Version 12.00
# Visual Studio 16
Project("{FAE04EC0-301F-11D3-BF4B-00C04F79EFBC}") = "Microsoft.MixedReality.Toolkit.SDK", "Microsoft.MixedReality.Toolkit.SDK.csproj", "{7126D613-213A-1FAD-A24B-15965DBC7C76}"
EndProject
Project("{FAE04EC0-301F-11D3-BF4B-00C04F79EFBC}") = "Microsoft.MixedReality.Toolkit.Providers.OpenVR", "Microsoft.MixedReality.Toolkit.Providers.OpenVR.csproj", "{49932E0F-CA30-08FE-CDCA-459DBFC67DAE}"
EndProject
Project("{FAE04EC0-301F-11D3-BF4B-00C04F79EFBC}") = "Microsoft.MixedReality.Toolkit.Examples", "Microsoft.MixedReality.Toolkit.Examples.csproj", "{2CF8C5F6-5067-4D12-2215-8B92C28844DC}"
EndProject
Project("{FAE04EC0-301F-11D3-BF4B-00C04F79EFBC}") = "Microsoft.MixedReality.Toolkit", "Microsoft.MixedReality.Toolkit.csproj", "{D1CDB21E-462F-45E6-7E97-30BFD0BBF556}"
EndProject
Project("{FAE04EC0-301F-11D3-BF4B-00C04F79EFBC}") = "PhotonUnityNetworking.Demos", "PhotonUnityNetworking.Demos.csproj", "{1670320D-4566-E147-1203-23949367B831}"
EndProject
Project("{FAE04EC0-301F-11D3-BF4B-00C04F79EFBC}") = "PhotonUnityNetworking.Utilities", "PhotonUnityNetworking.Utilities.csproj", "{2B9DAA7B-8ECC-AADE-8FC1-BDF53AB4CC52}"
EndProject
Project("{FAE04EC0-301F-11D3-BF4B-00C04F79EFBC}") = "Microsoft.MixedReality.Toolkit.Services.SpatialAwarenessSystem", "Microsoft.MixedReality.Toolkit.Services.SpatialAwarenessSystem.csproj", "{C3A689E4-0CF7-7AA8-01DA-FB1CBAB43248}"
EndProject
Project("{FAE04EC0-301F-11D3-BF4B-00C04F79EFBC}") = "PhotonChat", "PhotonChat.csproj", "{D986BC17-F639-C91C-05CA-9BC7174C8F8D}"
EndProject
Project("{FAE04EC0-301F-11D3-BF4B-00C04F79EFBC}") = "Microsoft.MixedReality.Toolkit.Gltf", "Microsoft.MixedReality.Toolkit.Gltf.csproj", "{A8E9744F-33B0-BDFE-D160-D09F6DA8DCA1}"
EndProject
Project("{FAE04EC0-301F-11D3-BF4B-00C04F79EFBC}") = "Microsoft.MixedReality.Toolkit.Services.SceneSystem", "Microsoft.MixedReality.Toolkit.Services.SceneSystem.csproj", "{32242256-EDEE-BF18-6165-6EC0F851ED22}"
EndProject
Project("{FAE04EC0-301F-11D3-BF4B-00C04F79EFBC}") = "Microsoft.MixedReality.Toolkit.Services.InputSystem", "Microsoft.MixedReality.Toolkit.Services.InputSystem.csproj", "{36BAE416-5442-BCBE-6C39-67BA258AD82A}"
EndProject
Project("{FAE04EC0-301F-11D3-BF4B-00C04F79EFBC}") = "Microsoft.MixedReality.Toolkit.Services.InputAnimation", "Microsoft.MixedReality.Toolkit.Services.InputAnimation.csproj", "{28E7D03E-CCAD-AC78-DA98-82C915D88F35}"
EndProject
Project("{FAE04EC0-301F-11D3-BF4B-00C04F79EFBC}") = "PhotonUnityNetworking", "PhotonUnityNetworking.csproj", "{74A0A5EF-4D09-A321-095D-CD74A00448DC}"
EndProject
Project("{FAE04EC0-301F-11D3-BF4B-00C04F79EFBC}") = "Assembly-CSharp", "Assembly-CSharp.csproj", "{4C26E546-C59A-F043-5E7C-89413B05CBB0}"
EndProject
Project("{FAE04EC0-301F-11D3-BF4B-00C04F79EFBC}") = "PhotonRealtime", "PhotonRealtime.csproj", "{01942BAB-3909-791A-E46A-167DF478B3E8}"
EndProject
Project("{FAE04EC0-301F-11D3-BF4B-00C04F79EFBC}") = "Microsoft.MixedReality.Toolkit.Services.InputSimulation", "Microsoft.MixedReality.Toolkit.Services.InputSimulation.csproj", "{0FB10859-8CD1-9B6D-23EB-760450C2CBD0}"
EndProject
Project("{FAE04EC0-301F-11D3-BF4B-00C04F79EFBC}") = "Microsoft.MixedReality.Toolkit.Services.DiagnosticsSystem", "Microsoft.MixedReality.Toolkit.Services.DiagnosticsSystem.csproj", "{69D1E664-1619-A543-717D-E4CA7088328B}"
EndProject
Project("{FAE04EC0-301F-11D3-BF4B-00C04F79EFBC}") = "Microsoft.MixedReality.Toolkit.Demos.InspectorFields", "Microsoft.MixedReality.Toolkit.Demos.InspectorFields.csproj", "{33BD1C2B-8E39-88B9-A86C-FAA6D6B5878B}"
EndProject
Project("{FAE04EC0-301F-11D3-BF4B-00C04F79EFBC}") = "Microsoft.MixedReality.Toolkit.Async", "Microsoft.MixedReality.Toolkit.Async.csproj", "{863CFB4D-2528-A027-4E5E-9A0F6275BF2D}"
EndProject
Project("{FAE04EC0-301F-11D3-BF4B-00C04F79EFBC}") = "Microsoft.MixedReality.Toolkit.Providers.WindowsMixedReality", "Microsoft.MixedReality.Toolkit.Providers.WindowsMixedReality.csproj", "{2BDFD9C2-76E3-6D92-BDFF-4D9E39A6FD18}"
EndProject
Project("{FAE04EC0-301F-11D3-BF4B-00C04F79EFBC}") = "Microsoft.MixedReality.Toolkit.Demos.Gltf", "Microsoft.MixedReality.Toolkit.Demos.Gltf.csproj", "{71778A5A-E2FE-5F4F-9ADA-001DE3C78E93}"
EndProject
Project("{FAE04EC0-301F-11D3-BF4B-00C04F79EFBC}") = "Microsoft.MixedReality.Toolkit.Providers.WindowsVoiceInput", "Microsoft.MixedReality.Toolkit.Providers.WindowsVoiceInput.csproj", "{A89CAD67-822A-4FD7-CA6B-1D59AD283F58}"
EndProject
Project("{FAE04EC0-301F-11D3-BF4B-00C04F79EFBC}") = "Microsoft.MixedReality.Toolkit.Services.TeleportSystem", "Microsoft.MixedReality.Toolkit.Services.TeleportSystem.csproj", "{A90766F9-1810-FBAF-DCFC-B3597327CF19}"
EndProject
Project("{FAE04EC0-301F-11D3-BF4B-00C04F79EFBC}") = "Microsoft.MixedReality.Toolkit.Services.CameraSystem", "Microsoft.MixedReality.Toolkit.Services.CameraSystem.csproj", "{BDC9CD23-DDB7-7A6A-C927-E8D108B0C9FA}"
EndProject
Project("{FAE04EC0-301F-11D3-BF4B-00C04F79EFBC}") = "PhotonWebSocket", "PhotonWebSocket.csproj", "{B6823780-871B-AF1F-3EB4-B590AEDFC22C}"
EndProject
Project("{FAE04EC0-301F-11D3-BF4B-00C04F79EFBC}") = "Microsoft.MixedReality.Toolkit.Services.BoundarySystem", "Microsoft.MixedReality.Toolkit.Services.BoundarySystem.csproj", "{B951F9A0-C604-F817-C4B6-6D31B2461112}"
EndProject
Project("{FAE04EC0-301F-11D3-BF4B-00C04F79EFBC}") = "Microsoft.MixedReality.Toolkit.Demos.UX.Interactables", "Microsoft.MixedReality.Toolkit.Demos.UX.Interactables.csproj", "{4284D4DD-6745-8BA0-2F71-4BA65D45F98B}"
EndProject
Project("{FAE04EC0-301F-11D3-BF4B-00C04F79EFBC}") = "Microsoft.MixedReality.Toolkit.SDK.Inspectors", "Microsoft.MixedReality.Toolkit.SDK.Inspectors.csproj", "{2667A9E0-6C0A-FBD8-3827-BC0455B1D84E}"
EndProject
Project("{FAE04EC0-301F-11D3-BF4B-00C04F79EFBC}") = "Microsoft.MixedReality.Toolkit.Editor.Inspectors", "Microsoft.MixedReality.Toolkit.Editor.Inspectors.csproj", "{D7C4B5B0-5615-3F9F-872C-5C007577F024}"
EndProject
Project("{FAE04EC0-301F-11D3-BF4B-00C04F79EFBC}") = "Microsoft.MixedReality.Toolkit.Editor.ServiceInspectors", "Microsoft.MixedReality.Toolkit.Editor.ServiceInspectors.csproj", "{4904B859-128F-A71C-0578-2262479FA6A1}"
EndProject
Project("{FAE04EC0-301F-11D3-BF4B-00C04F79EFBC}") = "Microsoft.MixedReality.Toolkit.Demos.InspectorFields.Inspectors", "Microsoft.MixedReality.Toolkit.Demos.InspectorFields.Inspectors.csproj", "{AAB84ED7-8D4D-C71D-A5D6-D1DDF78C5B67}"
EndProject
Project("{FAE04EC0-301F-11D3-BF4B-00C04F79EFBC}") = "Microsoft.MixedReality.Toolkit.Editor.Utilities", "Microsoft.MixedReality.Toolkit.Editor.Utilities.csproj", "{1A1F012E-FFA5-9D69-3E8E-BBCF0D712399}"
EndProject
Project("{FAE04EC0-301F-11D3-BF4B-00C04F79EFBC}") = "Microsoft.MixedReality.Toolkit.Providers.ObjectMeshObserver", "Microsoft.MixedReality.Toolkit.Providers.ObjectMeshObserver.csproj", "{214016BF-2987-B959-42E8-D73EE98A38E8}"
EndProject
Project("{FAE04EC0-301F-11D3-BF4B-00C04F79EFBC}") = "PhotonUnityNetworking.Editor", "PhotonUnityNetworking.Editor.csproj", "{034836C1-951C-1D01-93DF-388C66A7FE53}"
EndProject
Project("{FAE04EC0-301F-11D3-BF4B-00C04F79EFBC}") = "Microsoft.MixedReality.Toolkit.Gltf.Importers", "Microsoft.MixedReality.Toolkit.Gltf.Importers.csproj", "{A0EBE95E-9DC0-0BA6-11D1-0D2A2270F0EB}"
EndProject
Project("{FAE04EC0-301F-11D3-BF4B-00C04F79EFBC}") = "Microsoft.MixedReality.Toolkit.Editor.BuildAndDeploy", "Microsoft.MixedReality.Toolkit.Editor.BuildAndDeploy.csproj", "{75319F45-3134-66E5-7413-057190213EF1}"
EndProject
Project("{FAE04EC0-301F-11D3-BF4B-00C04F79EFBC}") = "PunDemos.DemoHubEditor", "PunDemos.DemoHubEditor.csproj", "{2103EE93-93C2-966B-41A4-33CD204E73D9}"
EndProject
Project("{FAE04EC0-301F-11D3-BF4B-00C04F79EFBC}") = "PhotonUnityNetworking.Utilities.PhotonPlayer.Editor", "PhotonUnityNetworking.Utilities.PhotonPlayer.Editor.csproj", "{4F6AF916-512A-2646-0864-3053FBDE5797}"
EndProject
Project("{FAE04EC0-301F-11D3-BF4B-00C04F79EFBC}") = "PhotonUnityNetworking.Utilities.Culling.Editor", "PhotonUnityNetworking.Utilities.Culling.Editor.csproj", "{C5259288-2D4B-DA58-D90E-FE5E0410B489}"
EndProject
Project("{FAE04EC0-301F-11D3-BF4B-00C04F79EFBC}") = "PunDemos.DemoSlotcarEditor", "PunDemos.DemoSlotcarEditor.csproj", "{A3E06167-2969-BDCE-4F9D-6AA201EE55AF}"
EndProject
Project("{FAE04EC0-301F-11D3-BF4B-00C04F79EFBC}") = "Microsoft.MixedReality.Toolkit.Services.InputSimulation.Editor", "Microsoft.MixedReality.Toolkit.Services.InputSimulation.Editor.csproj", "{9AE1A47C-CD34-C747-6982-E8B29AFA1684}"
EndProject
Project("{FAE04EC0-301F-11D3-BF4B-00C04F79EFBC}") = "Microsoft.MixedReality.Toolkit.Demos.StandardShader.Inspectors", "Microsoft.MixedReality.Toolkit.Demos.StandardShader.Inspectors.csproj", "{0A972A68-C255-73AD-5D66-483877A2CF81}"
EndProject
Project("{FAE04EC0-301F-11D3-BF4B-00C04F79EFBC}") = "Microsoft.MixedReality.Toolkit.Services.InputSystem.Editor", "Microsoft.MixedReality.Toolkit.Services.InputSystem.Editor.csproj", "{61BA9920-5C52-E481-BC8E-4D50AC0B656D}"
EndProject
Project("{FAE04EC0-301F-11D3-BF4B-00C04F79EFBC}") = "Microsoft.MixedReality.Toolkit.Editor.ClassExtensions", "Microsoft.MixedReality.Toolkit.Editor.ClassExtensions.csproj", "{1A95CB2C-7684-3D1A-AA26-3DB574CAD7D3}"
EndProject
Project("{FAE04EC0-301F-11D3-BF4B-00C04F79EFBC}") = "Microsoft.MixedReality.Toolkit.Demos.Gltf.Inspectors", "Microsoft.MixedReality.Toolkit.Demos.Gltf.Inspectors.csproj", "{9F180F2D-7D00-C774-5FA6-27B5E2317938}"
EndProject
Project("{FAE04EC0-301F-11D3-BF4B-00C04F79EFBC}") = "Microsoft.MixedReality.Toolkit.Services.InputAnimation.Editor", "Microsoft.MixedReality.Toolkit.Services.InputAnimation.Editor.csproj", "{F0E4FFAE-0B1C-3370-216F-2A9F93CAFEBD}"
EndProject
Project("{FAE04EC0-301F-11D3-BF4B-00C04F79EFBC}") = "Microsoft.MixedReality.Toolkit.SDK.Player", "Microsoft.MixedReality.Toolkit.SDK.Player.csproj", "{ECBB42D1-A9C2-40B6-41A6-BA9CA760A185}"
EndProject
Project("{FAE04EC0-301F-11D3-BF4B-00C04F79EFBC}") = "Microsoft.MixedReality.Toolkit.Examples.Player", "Microsoft.MixedReality.Toolkit.Examples.Player.csproj", "{00A402B2-92CC-B026-7261-3E1E45D0DAF8}"
EndProject
Project("{FAE04EC0-301F-11D3-BF4B-00C04F79EFBC}") = "Microsoft.MixedReality.Toolkit.Player", "Microsoft.MixedReality.Toolkit.Player.csproj", "{727B8E52-3D66-AE7B-BD38-F9D8FD88DD56}"
EndProject
Project("{FAE04EC0-301F-11D3-BF4B-00C04F79EFBC}") = "PhotonUnityNetworking.Demos.Player", "PhotonUnityNetworking.Demos.Player.csproj", "{8931ED87-9E48-6BCC-873D-882D5AE48020}"
EndProject
Project("{FAE04EC0-301F-11D3-BF4B-00C04F79EFBC}") = "PhotonUnityNetworking.Utilities.Player", "PhotonUnityNetworking.Utilities.Player.csproj", "{16696D6C-285F-3D01-2730-886158E45C3D}"
EndProject
Project("{FAE04EC0-301F-11D3-BF4B-00C04F79EFBC}") = "Microsoft.MixedReality.Toolkit.Services.SpatialAwarenessSystem.Player", "Microsoft.MixedReality.Toolkit.Services.SpatialAwarenessSystem.Player.csproj", "{BA2FB561-2A3F-E7AB-3761-5B90784852F5}"
EndProject
Project("{FAE04EC0-301F-11D3-BF4B-00C04F79EFBC}") = "Unity.TextMeshPro.Player", "Unity.TextMeshPro.Player.csproj", "{F1CA471D-22AC-18A9-132D-9C670FF66678}"
EndProject
Project("{FAE04EC0-301F-11D3-BF4B-00C04F79EFBC}") = "PhotonChat.Player", "PhotonChat.Player.csproj", "{FD32D737-C28F-BBBD-4C51-5FE13EED55A5}"
EndProject
Project("{FAE04EC0-301F-11D3-BF4B-00C04F79EFBC}") = "Microsoft.MixedReality.Toolkit.Gltf.Player", "Microsoft.MixedReality.Toolkit.Gltf.Player.csproj", "{C05B3382-221F-81EE-D922-1D4566EE5271}"
EndProject
Project("{FAE04EC0-301F-11D3-BF4B-00C04F79EFBC}") = "Microsoft.MixedReality.Toolkit.Services.SceneSystem.Player", "Microsoft.MixedReality.Toolkit.Services.SceneSystem.Player.csproj", "{811FDE3E-F9F4-7C15-A875-F2B2FCD75F42}"
EndProject
Project("{FAE04EC0-301F-11D3-BF4B-00C04F79EFBC}") = "Unity.Analytics.DataPrivacy.Player", "Unity.Analytics.DataPrivacy.Player.csproj", "{42411805-2A76-B786-50D5-240EEE2DE49C}"
EndProject
Project("{FAE04EC0-301F-11D3-BF4B-00C04F79EFBC}") = "Microsoft.MixedReality.Toolkit.Services.InputSystem.Player", "Microsoft.MixedReality.Toolkit.Services.InputSystem.Player.csproj", "{1D02E31F-51C1-523C-5B60-68B5D4D47551}"
EndProject
Project("{FAE04EC0-301F-11D3-BF4B-00C04F79EFBC}") = "Microsoft.MixedReality.Toolkit.Services.InputAnimation.Player", "Microsoft.MixedReality.Toolkit.Services.InputAnimation.Player.csproj", "{466C101C-775C-9DA1-FFE6-1FC7E8A31A1B}"
EndProject
Project("{FAE04EC0-301F-11D3-BF4B-00C04F79EFBC}") = "PhotonUnityNetworking.Player", "PhotonUnityNetworking.Player.csproj", "{1DDFDF57-4A86-4292-90F1-DC67BDB9D723}"
EndProject
Project("{FAE04EC0-301F-11D3-BF4B-00C04F79EFBC}") = "Assembly-CSharp.Player", "Assembly-CSharp.Player.csproj", "{37CDCF3F-0389-B63F-5625-A1C74B87B5B7}"
EndProject
Project("{FAE04EC0-301F-11D3-BF4B-00C04F79EFBC}") = "PhotonRealtime.Player", "PhotonRealtime.Player.csproj", "{A2AF6C4C-BFA8-9674-7FFA-98B89E20279C}"
EndProject
Project("{FAE04EC0-301F-11D3-BF4B-00C04F79EFBC}") = "Microsoft.MixedReality.Toolkit.Services.InputSimulation.Player", "Microsoft.MixedReality.Toolkit.Services.InputSimulation.Player.csproj", "{D35AB74B-780F-6F44-D4E3-4223C8C8DC8D}"
EndProject
Project("{FAE04EC0-301F-11D3-BF4B-00C04F79EFBC}") = "Unity.XR.WindowsMR.Player", "Unity.XR.WindowsMR.Player.csproj", "{83F5DC8B-F4E3-DE24-5B63-E900B5A94812}"
EndProject
Project("{FAE04EC0-301F-11D3-BF4B-00C04F79EFBC}") = "Microsoft.MixedReality.Toolkit.Services.DiagnosticsSystem.Player", "Microsoft.MixedReality.Toolkit.Services.DiagnosticsSystem.Player.csproj", "{D90CE579-1DB1-9FC7-8189-451F996ACB27}"
EndProject
Project("{FAE04EC0-301F-11D3-BF4B-00C04F79EFBC}") = "Microsoft.MixedReality.Toolkit.Demos.InspectorFields.Player", "Microsoft.MixedReality.Toolkit.Demos.InspectorFields.Player.csproj", "{AC63EBE7-128E-FD30-C475-A0A0498AB1A9}"
EndProject
Project("{FAE04EC0-301F-11D3-BF4B-00C04F79EFBC}") = "Microsoft.MixedReality.Toolkit.Async.Player", "Microsoft.MixedReality.Toolkit.Async.Player.csproj", "{71A7BF34-8E17-F8AA-87FB-7C40B7890803}"
EndProject
Project("{FAE04EC0-301F-11D3-BF4B-00C04F79EFBC}") = "Microsoft.MixedReality.Toolkit.Providers.WindowsMixedReality.Player", "Microsoft.MixedReality.Toolkit.Providers.WindowsMixedReality.Player.csproj", "{CB6607B2-6A1E-E789-F581-855AD50EA17B}"
EndProject
Project("{FAE04EC0-301F-11D3-BF4B-00C04F79EFBC}") = "Microsoft.MixedReality.Toolkit.Demos.Gltf.Player", "Microsoft.MixedReality.Toolkit.Demos.Gltf.Player.csproj", "{53C2C953-EA73-B813-FA30-4100A2DD3117}"
EndProject
Project("{FAE04EC0-301F-11D3-BF4B-00C04F79EFBC}") = "Microsoft.MixedReality.Toolkit.Providers.WindowsVoiceInput.Player", "Microsoft.MixedReality.Toolkit.Providers.WindowsVoiceInput.Player.csproj", "{F2BCBB74-6AC0-BB8F-3C3A-0A17D53927D9}"
EndProject
Project("{FAE04EC0-301F-11D3-BF4B-00C04F79EFBC}") = "Microsoft.MixedReality.Toolkit.Services.TeleportSystem.Player", "Microsoft.MixedReality.Toolkit.Services.TeleportSystem.Player.csproj", "{09B7D19C-D603-94A7-6511-2970C3BE8708}"
EndProject
Project("{FAE04EC0-301F-11D3-BF4B-00C04F79EFBC}") = "Microsoft.MixedReality.Toolkit.Services.CameraSystem.Player", "Microsoft.MixedReality.Toolkit.Services.CameraSystem.Player.csproj", "{E85408AB-BD06-3393-EA13-9BB291B52A4D}"
EndProject
Project("{FAE04EC0-301F-11D3-BF4B-00C04F79EFBC}") = "PhotonWebSocket.Player", "PhotonWebSocket.Player.csproj", "{0B4F4A99-D3E4-293A-2EFB-1C84F46F4C10}"
EndProject
Project("{FAE04EC0-301F-11D3-BF4B-00C04F79EFBC}") = "Microsoft.MixedReality.Toolkit.Services.BoundarySystem.Player", "Microsoft.MixedReality.Toolkit.Services.BoundarySystem.Player.csproj", "{553B34A8-321C-F187-21A8-61C2784BE429}"
EndProject
Project("{FAE04EC0-301F-11D3-BF4B-00C04F79EFBC}") = "Microsoft.MixedReality.Toolkit.Demos.UX.Interactables.Player", "Microsoft.MixedReality.Toolkit.Demos.UX.Interactables.Player.csproj", "{AE770AE1-4D7A-3220-1624-FD76E7F2B773}"
EndProject
Global
	GlobalSection(SolutionConfigurationPlatforms) = preSolution
		Debug|Any CPU = Debug|Any CPU
		Release|Any CPU = Release|Any CPU
	EndGlobalSection
	GlobalSection(ProjectConfigurationPlatforms) = postSolution
		{7126D613-213A-1FAD-A24B-15965DBC7C76}.Debug|Any CPU.ActiveCfg = Debug|Any CPU
		{7126D613-213A-1FAD-A24B-15965DBC7C76}.Debug|Any CPU.Build.0 = Debug|Any CPU
		{7126D613-213A-1FAD-A24B-15965DBC7C76}.Release|Any CPU.ActiveCfg = Release|Any CPU
		{7126D613-213A-1FAD-A24B-15965DBC7C76}.Release|Any CPU.Build.0 = Release|Any CPU
		{49932E0F-CA30-08FE-CDCA-459DBFC67DAE}.Debug|Any CPU.ActiveCfg = Debug|Any CPU
		{49932E0F-CA30-08FE-CDCA-459DBFC67DAE}.Debug|Any CPU.Build.0 = Debug|Any CPU
		{49932E0F-CA30-08FE-CDCA-459DBFC67DAE}.Release|Any CPU.ActiveCfg = Release|Any CPU
		{49932E0F-CA30-08FE-CDCA-459DBFC67DAE}.Release|Any CPU.Build.0 = Release|Any CPU
		{2CF8C5F6-5067-4D12-2215-8B92C28844DC}.Debug|Any CPU.ActiveCfg = Debug|Any CPU
		{2CF8C5F6-5067-4D12-2215-8B92C28844DC}.Debug|Any CPU.Build.0 = Debug|Any CPU
		{2CF8C5F6-5067-4D12-2215-8B92C28844DC}.Release|Any CPU.ActiveCfg = Release|Any CPU
		{2CF8C5F6-5067-4D12-2215-8B92C28844DC}.Release|Any CPU.Build.0 = Release|Any CPU
		{D1CDB21E-462F-45E6-7E97-30BFD0BBF556}.Debug|Any CPU.ActiveCfg = Debug|Any CPU
		{D1CDB21E-462F-45E6-7E97-30BFD0BBF556}.Debug|Any CPU.Build.0 = Debug|Any CPU
		{D1CDB21E-462F-45E6-7E97-30BFD0BBF556}.Release|Any CPU.ActiveCfg = Release|Any CPU
		{D1CDB21E-462F-45E6-7E97-30BFD0BBF556}.Release|Any CPU.Build.0 = Release|Any CPU
		{1670320D-4566-E147-1203-23949367B831}.Debug|Any CPU.ActiveCfg = Debug|Any CPU
		{1670320D-4566-E147-1203-23949367B831}.Debug|Any CPU.Build.0 = Debug|Any CPU
		{1670320D-4566-E147-1203-23949367B831}.Release|Any CPU.ActiveCfg = Release|Any CPU
		{1670320D-4566-E147-1203-23949367B831}.Release|Any CPU.Build.0 = Release|Any CPU
		{2B9DAA7B-8ECC-AADE-8FC1-BDF53AB4CC52}.Debug|Any CPU.ActiveCfg = Debug|Any CPU
		{2B9DAA7B-8ECC-AADE-8FC1-BDF53AB4CC52}.Debug|Any CPU.Build.0 = Debug|Any CPU
		{2B9DAA7B-8ECC-AADE-8FC1-BDF53AB4CC52}.Release|Any CPU.ActiveCfg = Release|Any CPU
		{2B9DAA7B-8ECC-AADE-8FC1-BDF53AB4CC52}.Release|Any CPU.Build.0 = Release|Any CPU
		{C3A689E4-0CF7-7AA8-01DA-FB1CBAB43248}.Debug|Any CPU.ActiveCfg = Debug|Any CPU
		{C3A689E4-0CF7-7AA8-01DA-FB1CBAB43248}.Debug|Any CPU.Build.0 = Debug|Any CPU
		{C3A689E4-0CF7-7AA8-01DA-FB1CBAB43248}.Release|Any CPU.ActiveCfg = Release|Any CPU
		{C3A689E4-0CF7-7AA8-01DA-FB1CBAB43248}.Release|Any CPU.Build.0 = Release|Any CPU
		{D986BC17-F639-C91C-05CA-9BC7174C8F8D}.Debug|Any CPU.ActiveCfg = Debug|Any CPU
		{D986BC17-F639-C91C-05CA-9BC7174C8F8D}.Debug|Any CPU.Build.0 = Debug|Any CPU
		{D986BC17-F639-C91C-05CA-9BC7174C8F8D}.Release|Any CPU.ActiveCfg = Release|Any CPU
		{D986BC17-F639-C91C-05CA-9BC7174C8F8D}.Release|Any CPU.Build.0 = Release|Any CPU
		{A8E9744F-33B0-BDFE-D160-D09F6DA8DCA1}.Debug|Any CPU.ActiveCfg = Debug|Any CPU
		{A8E9744F-33B0-BDFE-D160-D09F6DA8DCA1}.Debug|Any CPU.Build.0 = Debug|Any CPU
		{A8E9744F-33B0-BDFE-D160-D09F6DA8DCA1}.Release|Any CPU.ActiveCfg = Release|Any CPU
		{A8E9744F-33B0-BDFE-D160-D09F6DA8DCA1}.Release|Any CPU.Build.0 = Release|Any CPU
		{32242256-EDEE-BF18-6165-6EC0F851ED22}.Debug|Any CPU.ActiveCfg = Debug|Any CPU
		{32242256-EDEE-BF18-6165-6EC0F851ED22}.Debug|Any CPU.Build.0 = Debug|Any CPU
		{32242256-EDEE-BF18-6165-6EC0F851ED22}.Release|Any CPU.ActiveCfg = Release|Any CPU
		{32242256-EDEE-BF18-6165-6EC0F851ED22}.Release|Any CPU.Build.0 = Release|Any CPU
		{36BAE416-5442-BCBE-6C39-67BA258AD82A}.Debug|Any CPU.ActiveCfg = Debug|Any CPU
		{36BAE416-5442-BCBE-6C39-67BA258AD82A}.Debug|Any CPU.Build.0 = Debug|Any CPU
		{36BAE416-5442-BCBE-6C39-67BA258AD82A}.Release|Any CPU.ActiveCfg = Release|Any CPU
		{36BAE416-5442-BCBE-6C39-67BA258AD82A}.Release|Any CPU.Build.0 = Release|Any CPU
		{28E7D03E-CCAD-AC78-DA98-82C915D88F35}.Debug|Any CPU.ActiveCfg = Debug|Any CPU
		{28E7D03E-CCAD-AC78-DA98-82C915D88F35}.Debug|Any CPU.Build.0 = Debug|Any CPU
		{28E7D03E-CCAD-AC78-DA98-82C915D88F35}.Release|Any CPU.ActiveCfg = Release|Any CPU
		{28E7D03E-CCAD-AC78-DA98-82C915D88F35}.Release|Any CPU.Build.0 = Release|Any CPU
		{74A0A5EF-4D09-A321-095D-CD74A00448DC}.Debug|Any CPU.ActiveCfg = Debug|Any CPU
		{74A0A5EF-4D09-A321-095D-CD74A00448DC}.Debug|Any CPU.Build.0 = Debug|Any CPU
		{74A0A5EF-4D09-A321-095D-CD74A00448DC}.Release|Any CPU.ActiveCfg = Release|Any CPU
		{74A0A5EF-4D09-A321-095D-CD74A00448DC}.Release|Any CPU.Build.0 = Release|Any CPU
		{4C26E546-C59A-F043-5E7C-89413B05CBB0}.Debug|Any CPU.ActiveCfg = Debug|Any CPU
		{4C26E546-C59A-F043-5E7C-89413B05CBB0}.Debug|Any CPU.Build.0 = Debug|Any CPU
		{4C26E546-C59A-F043-5E7C-89413B05CBB0}.Release|Any CPU.ActiveCfg = Release|Any CPU
		{4C26E546-C59A-F043-5E7C-89413B05CBB0}.Release|Any CPU.Build.0 = Release|Any CPU
		{01942BAB-3909-791A-E46A-167DF478B3E8}.Debug|Any CPU.ActiveCfg = Debug|Any CPU
		{01942BAB-3909-791A-E46A-167DF478B3E8}.Debug|Any CPU.Build.0 = Debug|Any CPU
		{01942BAB-3909-791A-E46A-167DF478B3E8}.Release|Any CPU.ActiveCfg = Release|Any CPU
		{01942BAB-3909-791A-E46A-167DF478B3E8}.Release|Any CPU.Build.0 = Release|Any CPU
		{0FB10859-8CD1-9B6D-23EB-760450C2CBD0}.Debug|Any CPU.ActiveCfg = Debug|Any CPU
		{0FB10859-8CD1-9B6D-23EB-760450C2CBD0}.Debug|Any CPU.Build.0 = Debug|Any CPU
		{0FB10859-8CD1-9B6D-23EB-760450C2CBD0}.Release|Any CPU.ActiveCfg = Release|Any CPU
		{0FB10859-8CD1-9B6D-23EB-760450C2CBD0}.Release|Any CPU.Build.0 = Release|Any CPU
		{69D1E664-1619-A543-717D-E4CA7088328B}.Debug|Any CPU.ActiveCfg = Debug|Any CPU
		{69D1E664-1619-A543-717D-E4CA7088328B}.Debug|Any CPU.Build.0 = Debug|Any CPU
		{69D1E664-1619-A543-717D-E4CA7088328B}.Release|Any CPU.ActiveCfg = Release|Any CPU
		{69D1E664-1619-A543-717D-E4CA7088328B}.Release|Any CPU.Build.0 = Release|Any CPU
		{33BD1C2B-8E39-88B9-A86C-FAA6D6B5878B}.Debug|Any CPU.ActiveCfg = Debug|Any CPU
		{33BD1C2B-8E39-88B9-A86C-FAA6D6B5878B}.Debug|Any CPU.Build.0 = Debug|Any CPU
		{33BD1C2B-8E39-88B9-A86C-FAA6D6B5878B}.Release|Any CPU.ActiveCfg = Release|Any CPU
		{33BD1C2B-8E39-88B9-A86C-FAA6D6B5878B}.Release|Any CPU.Build.0 = Release|Any CPU
		{863CFB4D-2528-A027-4E5E-9A0F6275BF2D}.Debug|Any CPU.ActiveCfg = Debug|Any CPU
		{863CFB4D-2528-A027-4E5E-9A0F6275BF2D}.Debug|Any CPU.Build.0 = Debug|Any CPU
		{863CFB4D-2528-A027-4E5E-9A0F6275BF2D}.Release|Any CPU.ActiveCfg = Release|Any CPU
		{863CFB4D-2528-A027-4E5E-9A0F6275BF2D}.Release|Any CPU.Build.0 = Release|Any CPU
		{2BDFD9C2-76E3-6D92-BDFF-4D9E39A6FD18}.Debug|Any CPU.ActiveCfg = Debug|Any CPU
		{2BDFD9C2-76E3-6D92-BDFF-4D9E39A6FD18}.Debug|Any CPU.Build.0 = Debug|Any CPU
		{2BDFD9C2-76E3-6D92-BDFF-4D9E39A6FD18}.Release|Any CPU.ActiveCfg = Release|Any CPU
		{2BDFD9C2-76E3-6D92-BDFF-4D9E39A6FD18}.Release|Any CPU.Build.0 = Release|Any CPU
		{71778A5A-E2FE-5F4F-9ADA-001DE3C78E93}.Debug|Any CPU.ActiveCfg = Debug|Any CPU
		{71778A5A-E2FE-5F4F-9ADA-001DE3C78E93}.Debug|Any CPU.Build.0 = Debug|Any CPU
		{71778A5A-E2FE-5F4F-9ADA-001DE3C78E93}.Release|Any CPU.ActiveCfg = Release|Any CPU
		{71778A5A-E2FE-5F4F-9ADA-001DE3C78E93}.Release|Any CPU.Build.0 = Release|Any CPU
		{A89CAD67-822A-4FD7-CA6B-1D59AD283F58}.Debug|Any CPU.ActiveCfg = Debug|Any CPU
		{A89CAD67-822A-4FD7-CA6B-1D59AD283F58}.Debug|Any CPU.Build.0 = Debug|Any CPU
		{A89CAD67-822A-4FD7-CA6B-1D59AD283F58}.Release|Any CPU.ActiveCfg = Release|Any CPU
		{A89CAD67-822A-4FD7-CA6B-1D59AD283F58}.Release|Any CPU.Build.0 = Release|Any CPU
		{A90766F9-1810-FBAF-DCFC-B3597327CF19}.Debug|Any CPU.ActiveCfg = Debug|Any CPU
		{A90766F9-1810-FBAF-DCFC-B3597327CF19}.Debug|Any CPU.Build.0 = Debug|Any CPU
		{A90766F9-1810-FBAF-DCFC-B3597327CF19}.Release|Any CPU.ActiveCfg = Release|Any CPU
		{A90766F9-1810-FBAF-DCFC-B3597327CF19}.Release|Any CPU.Build.0 = Release|Any CPU
		{BDC9CD23-DDB7-7A6A-C927-E8D108B0C9FA}.Debug|Any CPU.ActiveCfg = Debug|Any CPU
		{BDC9CD23-DDB7-7A6A-C927-E8D108B0C9FA}.Debug|Any CPU.Build.0 = Debug|Any CPU
		{BDC9CD23-DDB7-7A6A-C927-E8D108B0C9FA}.Release|Any CPU.ActiveCfg = Release|Any CPU
		{BDC9CD23-DDB7-7A6A-C927-E8D108B0C9FA}.Release|Any CPU.Build.0 = Release|Any CPU
		{B6823780-871B-AF1F-3EB4-B590AEDFC22C}.Debug|Any CPU.ActiveCfg = Debug|Any CPU
		{B6823780-871B-AF1F-3EB4-B590AEDFC22C}.Debug|Any CPU.Build.0 = Debug|Any CPU
		{B6823780-871B-AF1F-3EB4-B590AEDFC22C}.Release|Any CPU.ActiveCfg = Release|Any CPU
		{B6823780-871B-AF1F-3EB4-B590AEDFC22C}.Release|Any CPU.Build.0 = Release|Any CPU
		{B951F9A0-C604-F817-C4B6-6D31B2461112}.Debug|Any CPU.ActiveCfg = Debug|Any CPU
		{B951F9A0-C604-F817-C4B6-6D31B2461112}.Debug|Any CPU.Build.0 = Debug|Any CPU
		{B951F9A0-C604-F817-C4B6-6D31B2461112}.Release|Any CPU.ActiveCfg = Release|Any CPU
		{B951F9A0-C604-F817-C4B6-6D31B2461112}.Release|Any CPU.Build.0 = Release|Any CPU
		{4284D4DD-6745-8BA0-2F71-4BA65D45F98B}.Debug|Any CPU.ActiveCfg = Debug|Any CPU
		{4284D4DD-6745-8BA0-2F71-4BA65D45F98B}.Debug|Any CPU.Build.0 = Debug|Any CPU
		{4284D4DD-6745-8BA0-2F71-4BA65D45F98B}.Release|Any CPU.ActiveCfg = Release|Any CPU
		{4284D4DD-6745-8BA0-2F71-4BA65D45F98B}.Release|Any CPU.Build.0 = Release|Any CPU
		{2667A9E0-6C0A-FBD8-3827-BC0455B1D84E}.Debug|Any CPU.ActiveCfg = Debug|Any CPU
		{2667A9E0-6C0A-FBD8-3827-BC0455B1D84E}.Debug|Any CPU.Build.0 = Debug|Any CPU
		{2667A9E0-6C0A-FBD8-3827-BC0455B1D84E}.Release|Any CPU.ActiveCfg = Release|Any CPU
		{2667A9E0-6C0A-FBD8-3827-BC0455B1D84E}.Release|Any CPU.Build.0 = Release|Any CPU
		{D7C4B5B0-5615-3F9F-872C-5C007577F024}.Debug|Any CPU.ActiveCfg = Debug|Any CPU
		{D7C4B5B0-5615-3F9F-872C-5C007577F024}.Debug|Any CPU.Build.0 = Debug|Any CPU
		{D7C4B5B0-5615-3F9F-872C-5C007577F024}.Release|Any CPU.ActiveCfg = Release|Any CPU
		{D7C4B5B0-5615-3F9F-872C-5C007577F024}.Release|Any CPU.Build.0 = Release|Any CPU
		{4904B859-128F-A71C-0578-2262479FA6A1}.Debug|Any CPU.ActiveCfg = Debug|Any CPU
		{4904B859-128F-A71C-0578-2262479FA6A1}.Debug|Any CPU.Build.0 = Debug|Any CPU
		{4904B859-128F-A71C-0578-2262479FA6A1}.Release|Any CPU.ActiveCfg = Release|Any CPU
		{4904B859-128F-A71C-0578-2262479FA6A1}.Release|Any CPU.Build.0 = Release|Any CPU
		{AAB84ED7-8D4D-C71D-A5D6-D1DDF78C5B67}.Debug|Any CPU.ActiveCfg = Debug|Any CPU
		{AAB84ED7-8D4D-C71D-A5D6-D1DDF78C5B67}.Debug|Any CPU.Build.0 = Debug|Any CPU
		{AAB84ED7-8D4D-C71D-A5D6-D1DDF78C5B67}.Release|Any CPU.ActiveCfg = Release|Any CPU
		{AAB84ED7-8D4D-C71D-A5D6-D1DDF78C5B67}.Release|Any CPU.Build.0 = Release|Any CPU
		{1A1F012E-FFA5-9D69-3E8E-BBCF0D712399}.Debug|Any CPU.ActiveCfg = Debug|Any CPU
		{1A1F012E-FFA5-9D69-3E8E-BBCF0D712399}.Debug|Any CPU.Build.0 = Debug|Any CPU
		{1A1F012E-FFA5-9D69-3E8E-BBCF0D712399}.Release|Any CPU.ActiveCfg = Release|Any CPU
		{1A1F012E-FFA5-9D69-3E8E-BBCF0D712399}.Release|Any CPU.Build.0 = Release|Any CPU
		{214016BF-2987-B959-42E8-D73EE98A38E8}.Debug|Any CPU.ActiveCfg = Debug|Any CPU
		{214016BF-2987-B959-42E8-D73EE98A38E8}.Debug|Any CPU.Build.0 = Debug|Any CPU
		{214016BF-2987-B959-42E8-D73EE98A38E8}.Release|Any CPU.ActiveCfg = Release|Any CPU
		{214016BF-2987-B959-42E8-D73EE98A38E8}.Release|Any CPU.Build.0 = Release|Any CPU
		{034836C1-951C-1D01-93DF-388C66A7FE53}.Debug|Any CPU.ActiveCfg = Debug|Any CPU
		{034836C1-951C-1D01-93DF-388C66A7FE53}.Debug|Any CPU.Build.0 = Debug|Any CPU
		{034836C1-951C-1D01-93DF-388C66A7FE53}.Release|Any CPU.ActiveCfg = Release|Any CPU
		{034836C1-951C-1D01-93DF-388C66A7FE53}.Release|Any CPU.Build.0 = Release|Any CPU
		{A0EBE95E-9DC0-0BA6-11D1-0D2A2270F0EB}.Debug|Any CPU.ActiveCfg = Debug|Any CPU
		{A0EBE95E-9DC0-0BA6-11D1-0D2A2270F0EB}.Debug|Any CPU.Build.0 = Debug|Any CPU
		{A0EBE95E-9DC0-0BA6-11D1-0D2A2270F0EB}.Release|Any CPU.ActiveCfg = Release|Any CPU
		{A0EBE95E-9DC0-0BA6-11D1-0D2A2270F0EB}.Release|Any CPU.Build.0 = Release|Any CPU
		{75319F45-3134-66E5-7413-057190213EF1}.Debug|Any CPU.ActiveCfg = Debug|Any CPU
		{75319F45-3134-66E5-7413-057190213EF1}.Debug|Any CPU.Build.0 = Debug|Any CPU
		{75319F45-3134-66E5-7413-057190213EF1}.Release|Any CPU.ActiveCfg = Release|Any CPU
		{75319F45-3134-66E5-7413-057190213EF1}.Release|Any CPU.Build.0 = Release|Any CPU
		{2103EE93-93C2-966B-41A4-33CD204E73D9}.Debug|Any CPU.ActiveCfg = Debug|Any CPU
		{2103EE93-93C2-966B-41A4-33CD204E73D9}.Debug|Any CPU.Build.0 = Debug|Any CPU
		{2103EE93-93C2-966B-41A4-33CD204E73D9}.Release|Any CPU.ActiveCfg = Release|Any CPU
		{2103EE93-93C2-966B-41A4-33CD204E73D9}.Release|Any CPU.Build.0 = Release|Any CPU
		{4F6AF916-512A-2646-0864-3053FBDE5797}.Debug|Any CPU.ActiveCfg = Debug|Any CPU
		{4F6AF916-512A-2646-0864-3053FBDE5797}.Debug|Any CPU.Build.0 = Debug|Any CPU
		{4F6AF916-512A-2646-0864-3053FBDE5797}.Release|Any CPU.ActiveCfg = Release|Any CPU
		{4F6AF916-512A-2646-0864-3053FBDE5797}.Release|Any CPU.Build.0 = Release|Any CPU
		{C5259288-2D4B-DA58-D90E-FE5E0410B489}.Debug|Any CPU.ActiveCfg = Debug|Any CPU
		{C5259288-2D4B-DA58-D90E-FE5E0410B489}.Debug|Any CPU.Build.0 = Debug|Any CPU
		{C5259288-2D4B-DA58-D90E-FE5E0410B489}.Release|Any CPU.ActiveCfg = Release|Any CPU
		{C5259288-2D4B-DA58-D90E-FE5E0410B489}.Release|Any CPU.Build.0 = Release|Any CPU
		{A3E06167-2969-BDCE-4F9D-6AA201EE55AF}.Debug|Any CPU.ActiveCfg = Debug|Any CPU
		{A3E06167-2969-BDCE-4F9D-6AA201EE55AF}.Debug|Any CPU.Build.0 = Debug|Any CPU
		{A3E06167-2969-BDCE-4F9D-6AA201EE55AF}.Release|Any CPU.ActiveCfg = Release|Any CPU
		{A3E06167-2969-BDCE-4F9D-6AA201EE55AF}.Release|Any CPU.Build.0 = Release|Any CPU
		{9AE1A47C-CD34-C747-6982-E8B29AFA1684}.Debug|Any CPU.ActiveCfg = Debug|Any CPU
		{9AE1A47C-CD34-C747-6982-E8B29AFA1684}.Debug|Any CPU.Build.0 = Debug|Any CPU
		{9AE1A47C-CD34-C747-6982-E8B29AFA1684}.Release|Any CPU.ActiveCfg = Release|Any CPU
		{9AE1A47C-CD34-C747-6982-E8B29AFA1684}.Release|Any CPU.Build.0 = Release|Any CPU
		{0A972A68-C255-73AD-5D66-483877A2CF81}.Debug|Any CPU.ActiveCfg = Debug|Any CPU
		{0A972A68-C255-73AD-5D66-483877A2CF81}.Debug|Any CPU.Build.0 = Debug|Any CPU
		{0A972A68-C255-73AD-5D66-483877A2CF81}.Release|Any CPU.ActiveCfg = Release|Any CPU
		{0A972A68-C255-73AD-5D66-483877A2CF81}.Release|Any CPU.Build.0 = Release|Any CPU
		{61BA9920-5C52-E481-BC8E-4D50AC0B656D}.Debug|Any CPU.ActiveCfg = Debug|Any CPU
		{61BA9920-5C52-E481-BC8E-4D50AC0B656D}.Debug|Any CPU.Build.0 = Debug|Any CPU
		{61BA9920-5C52-E481-BC8E-4D50AC0B656D}.Release|Any CPU.ActiveCfg = Release|Any CPU
		{61BA9920-5C52-E481-BC8E-4D50AC0B656D}.Release|Any CPU.Build.0 = Release|Any CPU
		{1A95CB2C-7684-3D1A-AA26-3DB574CAD7D3}.Debug|Any CPU.ActiveCfg = Debug|Any CPU
		{1A95CB2C-7684-3D1A-AA26-3DB574CAD7D3}.Debug|Any CPU.Build.0 = Debug|Any CPU
		{1A95CB2C-7684-3D1A-AA26-3DB574CAD7D3}.Release|Any CPU.ActiveCfg = Release|Any CPU
		{1A95CB2C-7684-3D1A-AA26-3DB574CAD7D3}.Release|Any CPU.Build.0 = Release|Any CPU
		{9F180F2D-7D00-C774-5FA6-27B5E2317938}.Debug|Any CPU.ActiveCfg = Debug|Any CPU
		{9F180F2D-7D00-C774-5FA6-27B5E2317938}.Debug|Any CPU.Build.0 = Debug|Any CPU
		{9F180F2D-7D00-C774-5FA6-27B5E2317938}.Release|Any CPU.ActiveCfg = Release|Any CPU
		{9F180F2D-7D00-C774-5FA6-27B5E2317938}.Release|Any CPU.Build.0 = Release|Any CPU
		{F0E4FFAE-0B1C-3370-216F-2A9F93CAFEBD}.Debug|Any CPU.ActiveCfg = Debug|Any CPU
		{F0E4FFAE-0B1C-3370-216F-2A9F93CAFEBD}.Debug|Any CPU.Build.0 = Debug|Any CPU
		{F0E4FFAE-0B1C-3370-216F-2A9F93CAFEBD}.Release|Any CPU.ActiveCfg = Release|Any CPU
		{F0E4FFAE-0B1C-3370-216F-2A9F93CAFEBD}.Release|Any CPU.Build.0 = Release|Any CPU
		{ECBB42D1-A9C2-40B6-41A6-BA9CA760A185}.Debug|Any CPU.ActiveCfg = Debug|Any CPU
		{ECBB42D1-A9C2-40B6-41A6-BA9CA760A185}.Debug|Any CPU.Build.0 = Debug|Any CPU
		{ECBB42D1-A9C2-40B6-41A6-BA9CA760A185}.Release|Any CPU.ActiveCfg = Release|Any CPU
		{ECBB42D1-A9C2-40B6-41A6-BA9CA760A185}.Release|Any CPU.Build.0 = Release|Any CPU
		{00A402B2-92CC-B026-7261-3E1E45D0DAF8}.Debug|Any CPU.ActiveCfg = Debug|Any CPU
		{00A402B2-92CC-B026-7261-3E1E45D0DAF8}.Debug|Any CPU.Build.0 = Debug|Any CPU
		{00A402B2-92CC-B026-7261-3E1E45D0DAF8}.Release|Any CPU.ActiveCfg = Release|Any CPU
		{00A402B2-92CC-B026-7261-3E1E45D0DAF8}.Release|Any CPU.Build.0 = Release|Any CPU
		{727B8E52-3D66-AE7B-BD38-F9D8FD88DD56}.Debug|Any CPU.ActiveCfg = Debug|Any CPU
		{727B8E52-3D66-AE7B-BD38-F9D8FD88DD56}.Debug|Any CPU.Build.0 = Debug|Any CPU
		{727B8E52-3D66-AE7B-BD38-F9D8FD88DD56}.Release|Any CPU.ActiveCfg = Release|Any CPU
		{727B8E52-3D66-AE7B-BD38-F9D8FD88DD56}.Release|Any CPU.Build.0 = Release|Any CPU
		{8931ED87-9E48-6BCC-873D-882D5AE48020}.Debug|Any CPU.ActiveCfg = Debug|Any CPU
		{8931ED87-9E48-6BCC-873D-882D5AE48020}.Debug|Any CPU.Build.0 = Debug|Any CPU
		{8931ED87-9E48-6BCC-873D-882D5AE48020}.Release|Any CPU.ActiveCfg = Release|Any CPU
		{8931ED87-9E48-6BCC-873D-882D5AE48020}.Release|Any CPU.Build.0 = Release|Any CPU
		{16696D6C-285F-3D01-2730-886158E45C3D}.Debug|Any CPU.ActiveCfg = Debug|Any CPU
		{16696D6C-285F-3D01-2730-886158E45C3D}.Debug|Any CPU.Build.0 = Debug|Any CPU
		{16696D6C-285F-3D01-2730-886158E45C3D}.Release|Any CPU.ActiveCfg = Release|Any CPU
		{16696D6C-285F-3D01-2730-886158E45C3D}.Release|Any CPU.Build.0 = Release|Any CPU
		{BA2FB561-2A3F-E7AB-3761-5B90784852F5}.Debug|Any CPU.ActiveCfg = Debug|Any CPU
		{BA2FB561-2A3F-E7AB-3761-5B90784852F5}.Debug|Any CPU.Build.0 = Debug|Any CPU
		{BA2FB561-2A3F-E7AB-3761-5B90784852F5}.Release|Any CPU.ActiveCfg = Release|Any CPU
		{BA2FB561-2A3F-E7AB-3761-5B90784852F5}.Release|Any CPU.Build.0 = Release|Any CPU
		{F1CA471D-22AC-18A9-132D-9C670FF66678}.Debug|Any CPU.ActiveCfg = Debug|Any CPU
		{F1CA471D-22AC-18A9-132D-9C670FF66678}.Debug|Any CPU.Build.0 = Debug|Any CPU
		{F1CA471D-22AC-18A9-132D-9C670FF66678}.Release|Any CPU.ActiveCfg = Release|Any CPU
		{F1CA471D-22AC-18A9-132D-9C670FF66678}.Release|Any CPU.Build.0 = Release|Any CPU
		{FD32D737-C28F-BBBD-4C51-5FE13EED55A5}.Debug|Any CPU.ActiveCfg = Debug|Any CPU
		{FD32D737-C28F-BBBD-4C51-5FE13EED55A5}.Debug|Any CPU.Build.0 = Debug|Any CPU
		{FD32D737-C28F-BBBD-4C51-5FE13EED55A5}.Release|Any CPU.ActiveCfg = Release|Any CPU
		{FD32D737-C28F-BBBD-4C51-5FE13EED55A5}.Release|Any CPU.Build.0 = Release|Any CPU
		{C05B3382-221F-81EE-D922-1D4566EE5271}.Debug|Any CPU.ActiveCfg = Debug|Any CPU
		{C05B3382-221F-81EE-D922-1D4566EE5271}.Debug|Any CPU.Build.0 = Debug|Any CPU
		{C05B3382-221F-81EE-D922-1D4566EE5271}.Release|Any CPU.ActiveCfg = Release|Any CPU
		{C05B3382-221F-81EE-D922-1D4566EE5271}.Release|Any CPU.Build.0 = Release|Any CPU
		{811FDE3E-F9F4-7C15-A875-F2B2FCD75F42}.Debug|Any CPU.ActiveCfg = Debug|Any CPU
		{811FDE3E-F9F4-7C15-A875-F2B2FCD75F42}.Debug|Any CPU.Build.0 = Debug|Any CPU
		{811FDE3E-F9F4-7C15-A875-F2B2FCD75F42}.Release|Any CPU.ActiveCfg = Release|Any CPU
		{811FDE3E-F9F4-7C15-A875-F2B2FCD75F42}.Release|Any CPU.Build.0 = Release|Any CPU
		{42411805-2A76-B786-50D5-240EEE2DE49C}.Debug|Any CPU.ActiveCfg = Debug|Any CPU
		{42411805-2A76-B786-50D5-240EEE2DE49C}.Debug|Any CPU.Build.0 = Debug|Any CPU
		{42411805-2A76-B786-50D5-240EEE2DE49C}.Release|Any CPU.ActiveCfg = Release|Any CPU
		{42411805-2A76-B786-50D5-240EEE2DE49C}.Release|Any CPU.Build.0 = Release|Any CPU
		{1D02E31F-51C1-523C-5B60-68B5D4D47551}.Debug|Any CPU.ActiveCfg = Debug|Any CPU
		{1D02E31F-51C1-523C-5B60-68B5D4D47551}.Debug|Any CPU.Build.0 = Debug|Any CPU
		{1D02E31F-51C1-523C-5B60-68B5D4D47551}.Release|Any CPU.ActiveCfg = Release|Any CPU
		{1D02E31F-51C1-523C-5B60-68B5D4D47551}.Release|Any CPU.Build.0 = Release|Any CPU
		{466C101C-775C-9DA1-FFE6-1FC7E8A31A1B}.Debug|Any CPU.ActiveCfg = Debug|Any CPU
		{466C101C-775C-9DA1-FFE6-1FC7E8A31A1B}.Debug|Any CPU.Build.0 = Debug|Any CPU
		{466C101C-775C-9DA1-FFE6-1FC7E8A31A1B}.Release|Any CPU.ActiveCfg = Release|Any CPU
		{466C101C-775C-9DA1-FFE6-1FC7E8A31A1B}.Release|Any CPU.Build.0 = Release|Any CPU
		{1DDFDF57-4A86-4292-90F1-DC67BDB9D723}.Debug|Any CPU.ActiveCfg = Debug|Any CPU
		{1DDFDF57-4A86-4292-90F1-DC67BDB9D723}.Debug|Any CPU.Build.0 = Debug|Any CPU
		{1DDFDF57-4A86-4292-90F1-DC67BDB9D723}.Release|Any CPU.ActiveCfg = Release|Any CPU
		{1DDFDF57-4A86-4292-90F1-DC67BDB9D723}.Release|Any CPU.Build.0 = Release|Any CPU
		{37CDCF3F-0389-B63F-5625-A1C74B87B5B7}.Debug|Any CPU.ActiveCfg = Debug|Any CPU
		{37CDCF3F-0389-B63F-5625-A1C74B87B5B7}.Debug|Any CPU.Build.0 = Debug|Any CPU
		{37CDCF3F-0389-B63F-5625-A1C74B87B5B7}.Release|Any CPU.ActiveCfg = Release|Any CPU
		{37CDCF3F-0389-B63F-5625-A1C74B87B5B7}.Release|Any CPU.Build.0 = Release|Any CPU
		{A2AF6C4C-BFA8-9674-7FFA-98B89E20279C}.Debug|Any CPU.ActiveCfg = Debug|Any CPU
		{A2AF6C4C-BFA8-9674-7FFA-98B89E20279C}.Debug|Any CPU.Build.0 = Debug|Any CPU
		{A2AF6C4C-BFA8-9674-7FFA-98B89E20279C}.Release|Any CPU.ActiveCfg = Release|Any CPU
		{A2AF6C4C-BFA8-9674-7FFA-98B89E20279C}.Release|Any CPU.Build.0 = Release|Any CPU
		{D35AB74B-780F-6F44-D4E3-4223C8C8DC8D}.Debug|Any CPU.ActiveCfg = Debug|Any CPU
		{D35AB74B-780F-6F44-D4E3-4223C8C8DC8D}.Debug|Any CPU.Build.0 = Debug|Any CPU
		{D35AB74B-780F-6F44-D4E3-4223C8C8DC8D}.Release|Any CPU.ActiveCfg = Release|Any CPU
		{D35AB74B-780F-6F44-D4E3-4223C8C8DC8D}.Release|Any CPU.Build.0 = Release|Any CPU
		{83F5DC8B-F4E3-DE24-5B63-E900B5A94812}.Debug|Any CPU.ActiveCfg = Debug|Any CPU
		{83F5DC8B-F4E3-DE24-5B63-E900B5A94812}.Debug|Any CPU.Build.0 = Debug|Any CPU
		{83F5DC8B-F4E3-DE24-5B63-E900B5A94812}.Release|Any CPU.ActiveCfg = Release|Any CPU
		{83F5DC8B-F4E3-DE24-5B63-E900B5A94812}.Release|Any CPU.Build.0 = Release|Any CPU
		{D90CE579-1DB1-9FC7-8189-451F996ACB27}.Debug|Any CPU.ActiveCfg = Debug|Any CPU
		{D90CE579-1DB1-9FC7-8189-451F996ACB27}.Debug|Any CPU.Build.0 = Debug|Any CPU
		{D90CE579-1DB1-9FC7-8189-451F996ACB27}.Release|Any CPU.ActiveCfg = Release|Any CPU
		{D90CE579-1DB1-9FC7-8189-451F996ACB27}.Release|Any CPU.Build.0 = Release|Any CPU
		{AC63EBE7-128E-FD30-C475-A0A0498AB1A9}.Debug|Any CPU.ActiveCfg = Debug|Any CPU
		{AC63EBE7-128E-FD30-C475-A0A0498AB1A9}.Debug|Any CPU.Build.0 = Debug|Any CPU
		{AC63EBE7-128E-FD30-C475-A0A0498AB1A9}.Release|Any CPU.ActiveCfg = Release|Any CPU
		{AC63EBE7-128E-FD30-C475-A0A0498AB1A9}.Release|Any CPU.Build.0 = Release|Any CPU
		{71A7BF34-8E17-F8AA-87FB-7C40B7890803}.Debug|Any CPU.ActiveCfg = Debug|Any CPU
		{71A7BF34-8E17-F8AA-87FB-7C40B7890803}.Debug|Any CPU.Build.0 = Debug|Any CPU
		{71A7BF34-8E17-F8AA-87FB-7C40B7890803}.Release|Any CPU.ActiveCfg = Release|Any CPU
		{71A7BF34-8E17-F8AA-87FB-7C40B7890803}.Release|Any CPU.Build.0 = Release|Any CPU
		{CB6607B2-6A1E-E789-F581-855AD50EA17B}.Debug|Any CPU.ActiveCfg = Debug|Any CPU
		{CB6607B2-6A1E-E789-F581-855AD50EA17B}.Debug|Any CPU.Build.0 = Debug|Any CPU
		{CB6607B2-6A1E-E789-F581-855AD50EA17B}.Release|Any CPU.ActiveCfg = Release|Any CPU
		{CB6607B2-6A1E-E789-F581-855AD50EA17B}.Release|Any CPU.Build.0 = Release|Any CPU
		{53C2C953-EA73-B813-FA30-4100A2DD3117}.Debug|Any CPU.ActiveCfg = Debug|Any CPU
		{53C2C953-EA73-B813-FA30-4100A2DD3117}.Debug|Any CPU.Build.0 = Debug|Any CPU
		{53C2C953-EA73-B813-FA30-4100A2DD3117}.Release|Any CPU.ActiveCfg = Release|Any CPU
		{53C2C953-EA73-B813-FA30-4100A2DD3117}.Release|Any CPU.Build.0 = Release|Any CPU
		{F2BCBB74-6AC0-BB8F-3C3A-0A17D53927D9}.Debug|Any CPU.ActiveCfg = Debug|Any CPU
		{F2BCBB74-6AC0-BB8F-3C3A-0A17D53927D9}.Debug|Any CPU.Build.0 = Debug|Any CPU
		{F2BCBB74-6AC0-BB8F-3C3A-0A17D53927D9}.Release|Any CPU.ActiveCfg = Release|Any CPU
		{F2BCBB74-6AC0-BB8F-3C3A-0A17D53927D9}.Release|Any CPU.Build.0 = Release|Any CPU
		{09B7D19C-D603-94A7-6511-2970C3BE8708}.Debug|Any CPU.ActiveCfg = Debug|Any CPU
		{09B7D19C-D603-94A7-6511-2970C3BE8708}.Debug|Any CPU.Build.0 = Debug|Any CPU
		{09B7D19C-D603-94A7-6511-2970C3BE8708}.Release|Any CPU.ActiveCfg = Release|Any CPU
		{09B7D19C-D603-94A7-6511-2970C3BE8708}.Release|Any CPU.Build.0 = Release|Any CPU
		{E85408AB-BD06-3393-EA13-9BB291B52A4D}.Debug|Any CPU.ActiveCfg = Debug|Any CPU
		{E85408AB-BD06-3393-EA13-9BB291B52A4D}.Debug|Any CPU.Build.0 = Debug|Any CPU
		{E85408AB-BD06-3393-EA13-9BB291B52A4D}.Release|Any CPU.ActiveCfg = Release|Any CPU
		{E85408AB-BD06-3393-EA13-9BB291B52A4D}.Release|Any CPU.Build.0 = Release|Any CPU
		{0B4F4A99-D3E4-293A-2EFB-1C84F46F4C10}.Debug|Any CPU.ActiveCfg = Debug|Any CPU
		{0B4F4A99-D3E4-293A-2EFB-1C84F46F4C10}.Debug|Any CPU.Build.0 = Debug|Any CPU
		{0B4F4A99-D3E4-293A-2EFB-1C84F46F4C10}.Release|Any CPU.ActiveCfg = Release|Any CPU
		{0B4F4A99-D3E4-293A-2EFB-1C84F46F4C10}.Release|Any CPU.Build.0 = Release|Any CPU
		{553B34A8-321C-F187-21A8-61C2784BE429}.Debug|Any CPU.ActiveCfg = Debug|Any CPU
		{553B34A8-321C-F187-21A8-61C2784BE429}.Debug|Any CPU.Build.0 = Debug|Any CPU
		{553B34A8-321C-F187-21A8-61C2784BE429}.Release|Any CPU.ActiveCfg = Release|Any CPU
		{553B34A8-321C-F187-21A8-61C2784BE429}.Release|Any CPU.Build.0 = Release|Any CPU
		{AE770AE1-4D7A-3220-1624-FD76E7F2B773}.Debug|Any CPU.ActiveCfg = Debug|Any CPU
		{AE770AE1-4D7A-3220-1624-FD76E7F2B773}.Debug|Any CPU.Build.0 = Debug|Any CPU
		{AE770AE1-4D7A-3220-1624-FD76E7F2B773}.Release|Any CPU.ActiveCfg = Release|Any CPU
		{AE770AE1-4D7A-3220-1624-FD76E7F2B773}.Release|Any CPU.Build.0 = Release|Any CPU
	EndGlobalSection
	GlobalSection(SolutionProperties) = preSolution
		HideSolutionNode = FALSE
	EndGlobalSection
EndGlobal
